
Microsoft Visual Studio Solution File, Format Version 12.00
# Visual Studio Version 17
VisualStudioVersion = 17.8.34309.116
MinimumVisualStudioVersion = 10.0.40219.1
Project("{9A19103F-16F7-4668-BE54-9A1E7A4F7556}") = "Adressbok", "Adressbok\Adressbok.csproj", "{584B0517-4265-4ED5-AC41-027ED35E2F2A}"
EndProject
Project("{9A19103F-16F7-4668-BE54-9A1E7A4F7556}") = "Adressbok.Tests", "Adressbok.Tests\Adressbok.Tests.csproj", "{A0F50B73-7392-43AD-AD4F-3BDC08203894}"
EndProject
Project("{FAE04EC0-301F-11D3-BF4B-00C04F79EFBC}") = "Adressbok.ClassLibrary", "Adressbok.ClassLibrary\Adressbok.ClassLibrary.csproj", "{B8693873-BFB0-437B-B397-AEF6DA390CC9}"
EndProject
Global
	GlobalSection(SolutionConfigurationPlatforms) = preSolution
		Debug|Any CPU = Debug|Any CPU
		Release|Any CPU = Release|Any CPU
	EndGlobalSection
	GlobalSection(ProjectConfigurationPlatforms) = postSolution
		{584B0517-4265-4ED5-AC41-027ED35E2F2A}.Debug|Any CPU.ActiveCfg = Debug|Any CPU
		{584B0517-4265-4ED5-AC41-027ED35E2F2A}.Debug|Any CPU.Build.0 = Debug|Any CPU
		{584B0517-4265-4ED5-AC41-027ED35E2F2A}.Release|Any CPU.ActiveCfg = Release|Any CPU
		{584B0517-4265-4ED5-AC41-027ED35E2F2A}.Release|Any CPU.Build.0 = Release|Any CPU
		{A0F50B73-7392-43AD-AD4F-3BDC08203894}.Debug|Any CPU.ActiveCfg = Debug|Any CPU
		{A0F50B73-7392-43AD-AD4F-3BDC08203894}.Debug|Any CPU.Build.0 = Debug|Any CPU
		{A0F50B73-7392-43AD-AD4F-3BDC08203894}.Release|Any CPU.ActiveCfg = Release|Any CPU
		{A0F50B73-7392-43AD-AD4F-3BDC08203894}.Release|Any CPU.Build.0 = Release|Any CPU
		{B8693873-BFB0-437B-B397-AEF6DA390CC9}.Debug|Any CPU.ActiveCfg = Debug|Any CPU
		{B8693873-BFB0-437B-B397-AEF6DA390CC9}.Debug|Any CPU.Build.0 = Debug|Any CPU
		{B8693873-BFB0-437B-B397-AEF6DA390CC9}.Release|Any CPU.ActiveCfg = Release|Any CPU
		{B8693873-BFB0-437B-B397-AEF6DA390CC9}.Release|Any CPU.Build.0 = Release|Any CPU
	EndGlobalSection
	GlobalSection(SolutionProperties) = preSolution
		HideSolutionNode = FALSE
	EndGlobalSection
	GlobalSection(ExtensibilityGlobals) = postSolution
		SolutionGuid = {D2928034-531A-4568-88AF-C3EC265AA587}
	EndGlobalSection
EndGlobal
